{
  "name": "test-leap-year-finder",
  "lockfileVersion": 2,
  "requires": true,
  "packages": {
    "": {
      "dependencies": {
        "@gennyboy/leap-year-finder": "^1.0.1"
      }
    },
    "node_modules/@gennyboy/leap-year-finder": {
      "version": "1.0.1",
      "resolved": "https://registry.npmjs.org/@gennyboy/leap-year-finder/-/leap-year-finder-1.0.1.tgz",
      "integrity": "sha512-5C7RsNjUKVxPm19nPSBlK4PBXI5BignI3iW2g/SVsrMUOagoKR6rUSA6059fh/fBY244YtBwfmrciv4Uo1oTIA=="
    }
  },
  "dependencies": {
    "@gennyboy/leap-year-finder": {
      "version": "1.0.1",
      "resolved": "https://registry.npmjs.org/@gennyboy/leap-year-finder/-/leap-year-finder-1.0.1.tgz",
      "integrity": "sha512-5C7RsNjUKVxPm19nPSBlK4PBXI5BignI3iW2g/SVsrMUOagoKR6rUSA6059fh/fBY244YtBwfmrciv4Uo1oTIA=="
    }
  }
}
